
Microsoft Visual Studio Solution File, Format Version 12.00
# Visual Studio 2013
VisualStudioVersion = 12.0.21005.1
MinimumVisualStudioVersion = 10.0.40219.1
Project("{FAE04EC0-301F-11D3-BF4B-00C04F79EFBC}") = "CustomerApp", "CustomerApp\CustomerApp.csproj", "{8702FB08-1F83-4398-9DDD-B033DF4F2868}"
EndProject
Project("{FAE04EC0-301F-11D3-BF4B-00C04F79EFBC}") = "StringDispenserApp", "StringDispenserApp\StringDispenserApp.csproj", "{C7739A6E-3D73-4292-9E89-A8F7E0263FB9}"
EndProject
Project("{FAE04EC0-301F-11D3-BF4B-00C04F79EFBC}") = "CustomBinaryTree", "CustomBinaryTree\CustomBinaryTree.csproj", "{7105162C-D375-4BA4-A073-7BEE2A7679D8}"
EndProject
Global
	GlobalSection(SolutionConfigurationPlatforms) = preSolution
		Debug|Any CPU = Debug|Any CPU
		Release|Any CPU = Release|Any CPU
	EndGlobalSection
	GlobalSection(ProjectConfigurationPlatforms) = postSolution
		{8702FB08-1F83-4398-9DDD-B033DF4F2868}.Debug|Any CPU.ActiveCfg = Debug|Any CPU
		{8702FB08-1F83-4398-9DDD-B033DF4F2868}.Debug|Any CPU.Build.0 = Debug|Any CPU
		{8702FB08-1F83-4398-9DDD-B033DF4F2868}.Release|Any CPU.ActiveCfg = Release|Any CPU
		{8702FB08-1F83-4398-9DDD-B033DF4F2868}.Release|Any CPU.Build.0 = Release|Any CPU
		{C7739A6E-3D73-4292-9E89-A8F7E0263FB9}.Debug|Any CPU.ActiveCfg = Debug|Any CPU
		{C7739A6E-3D73-4292-9E89-A8F7E0263FB9}.Debug|Any CPU.Build.0 = Debug|Any CPU
		{C7739A6E-3D73-4292-9E89-A8F7E0263FB9}.Release|Any CPU.ActiveCfg = Release|Any CPU
		{C7739A6E-3D73-4292-9E89-A8F7E0263FB9}.Release|Any CPU.Build.0 = Release|Any CPU
		{7105162C-D375-4BA4-A073-7BEE2A7679D8}.Debug|Any CPU.ActiveCfg = Debug|Any CPU
		{7105162C-D375-4BA4-A073-7BEE2A7679D8}.Debug|Any CPU.Build.0 = Debug|Any CPU
		{7105162C-D375-4BA4-A073-7BEE2A7679D8}.Release|Any CPU.ActiveCfg = Release|Any CPU
		{7105162C-D375-4BA4-A073-7BEE2A7679D8}.Release|Any CPU.Build.0 = Release|Any CPU
	EndGlobalSection
	GlobalSection(SolutionProperties) = preSolution
		HideSolutionNode = FALSE
	EndGlobalSection
EndGlobal
