
Microsoft Visual Studio Solution File, Format Version 12.00
# Visual Studio 2013
VisualStudioVersion = 12.0.21005.1
MinimumVisualStudioVersion = 10.0.40219.1
Project("{FAE04EC0-301F-11D3-BF4B-00C04F79EFBC}") = "InterestCalculatorApp", "InterestCalculatorApp\InterestCalculatorApp.csproj", "{F1D9EC69-E852-4695-8E3A-FB281B00A184}"
EndProject
Project("{FAE04EC0-301F-11D3-BF4B-00C04F79EFBC}") = "AsyncTimerApp", "AsyncTimerApp\AsyncTimerApp.csproj", "{137642D8-CC7B-40F2-94B2-3AE7CC58068D}"
EndProject
Project("{FAE04EC0-301F-11D3-BF4B-00C04F79EFBC}") = "StudentClassApp", "StudentClassApp\StudentClassApp.csproj", "{24181424-06CE-4A17-889C-4EC6BFEEFD01}"
EndProject
Global
	GlobalSection(SolutionConfigurationPlatforms) = preSolution
		Debug|Any CPU = Debug|Any CPU
		Release|Any CPU = Release|Any CPU
	EndGlobalSection
	GlobalSection(ProjectConfigurationPlatforms) = postSolution
		{F1D9EC69-E852-4695-8E3A-FB281B00A184}.Debug|Any CPU.ActiveCfg = Debug|Any CPU
		{F1D9EC69-E852-4695-8E3A-FB281B00A184}.Debug|Any CPU.Build.0 = Debug|Any CPU
		{F1D9EC69-E852-4695-8E3A-FB281B00A184}.Release|Any CPU.ActiveCfg = Release|Any CPU
		{F1D9EC69-E852-4695-8E3A-FB281B00A184}.Release|Any CPU.Build.0 = Release|Any CPU
		{137642D8-CC7B-40F2-94B2-3AE7CC58068D}.Debug|Any CPU.ActiveCfg = Debug|Any CPU
		{137642D8-CC7B-40F2-94B2-3AE7CC58068D}.Debug|Any CPU.Build.0 = Debug|Any CPU
		{137642D8-CC7B-40F2-94B2-3AE7CC58068D}.Release|Any CPU.ActiveCfg = Release|Any CPU
		{137642D8-CC7B-40F2-94B2-3AE7CC58068D}.Release|Any CPU.Build.0 = Release|Any CPU
		{24181424-06CE-4A17-889C-4EC6BFEEFD01}.Debug|Any CPU.ActiveCfg = Debug|Any CPU
		{24181424-06CE-4A17-889C-4EC6BFEEFD01}.Debug|Any CPU.Build.0 = Debug|Any CPU
		{24181424-06CE-4A17-889C-4EC6BFEEFD01}.Release|Any CPU.ActiveCfg = Release|Any CPU
		{24181424-06CE-4A17-889C-4EC6BFEEFD01}.Release|Any CPU.Build.0 = Release|Any CPU
	EndGlobalSection
	GlobalSection(SolutionProperties) = preSolution
		HideSolutionNode = FALSE
	EndGlobalSection
EndGlobal
